
Microsoft Visual Studio Solution File, Format Version 12.00
# Visual Studio Version 17
VisualStudioVersion = 17.8.34525.116
MinimumVisualStudioVersion = 10.0.40219.1
Project("{FAE04EC0-301F-11D3-BF4B-00C04F79EFBC}") = "MSLearn.CSharpArrays.Challenge", "MSLearn.CSharpArrays.Challenge\MSLearn.CSharpArrays.Challenge.csproj", "{2173ED4E-7DCC-41EC-9DC9-49C1FC0F919D}"
EndProject
Global
	GlobalSection(SolutionConfigurationPlatforms) = preSolution
		Debug|Any CPU = Debug|Any CPU
		Release|Any CPU = Release|Any CPU
	EndGlobalSection
	GlobalSection(ProjectConfigurationPlatforms) = postSolution
		{2173ED4E-7DCC-41EC-9DC9-49C1FC0F919D}.Debug|Any CPU.ActiveCfg = Debug|Any CPU
		{2173ED4E-7DCC-41EC-9DC9-49C1FC0F919D}.Debug|Any CPU.Build.0 = Debug|Any CPU
		{2173ED4E-7DCC-41EC-9DC9-49C1FC0F919D}.Release|Any CPU.ActiveCfg = Release|Any CPU
		{2173ED4E-7DCC-41EC-9DC9-49C1FC0F919D}.Release|Any CPU.Build.0 = Release|Any CPU
	EndGlobalSection
	GlobalSection(SolutionProperties) = preSolution
		HideSolutionNode = FALSE
	EndGlobalSection
	GlobalSection(ExtensibilityGlobals) = postSolution
		SolutionGuid = {46457F08-D9DD-4127-9638-8488D53C7F0A}
	EndGlobalSection
EndGlobal
